
Microsoft Visual Studio Solution File, Format Version 12.00
# Visual Studio Version 17
VisualStudioVersion = 17.5.33424.131
MinimumVisualStudioVersion = 10.0.40219.1
Project("{FAE04EC0-301F-11D3-BF4B-00C04F79EFBC}") = "Ex3ListaString", "Ex3ListaString.csproj", "{416AE79E-1E35-46E2-84DD-C16FD3EE979A}"
EndProject
Global
	GlobalSection(SolutionConfigurationPlatforms) = preSolution
		Debug|Any CPU = Debug|Any CPU
		Release|Any CPU = Release|Any CPU
	EndGlobalSection
	GlobalSection(ProjectConfigurationPlatforms) = postSolution
		{416AE79E-1E35-46E2-84DD-C16FD3EE979A}.Debug|Any CPU.ActiveCfg = Debug|Any CPU
		{416AE79E-1E35-46E2-84DD-C16FD3EE979A}.Debug|Any CPU.Build.0 = Debug|Any CPU
		{416AE79E-1E35-46E2-84DD-C16FD3EE979A}.Release|Any CPU.ActiveCfg = Release|Any CPU
		{416AE79E-1E35-46E2-84DD-C16FD3EE979A}.Release|Any CPU.Build.0 = Release|Any CPU
	EndGlobalSection
	GlobalSection(SolutionProperties) = preSolution
		HideSolutionNode = FALSE
	EndGlobalSection
	GlobalSection(ExtensibilityGlobals) = postSolution
		SolutionGuid = {91736CF3-24C2-4349-851F-F6ABC9EAFD98}
	EndGlobalSection
EndGlobal
