
Microsoft Visual Studio Solution File, Format Version 12.00
# Visual Studio Version 17
VisualStudioVersion = 17.5.33424.131
MinimumVisualStudioVersion = 10.0.40219.1
Project("{FAE04EC0-301F-11D3-BF4B-00C04F79EFBC}") = "Ex5ListaString", "Ex5ListaString.csproj", "{EC5EC8E6-FC2A-4D79-8871-2F72AFE2E0A8}"
EndProject
Global
	GlobalSection(SolutionConfigurationPlatforms) = preSolution
		Debug|Any CPU = Debug|Any CPU
		Release|Any CPU = Release|Any CPU
	EndGlobalSection
	GlobalSection(ProjectConfigurationPlatforms) = postSolution
		{EC5EC8E6-FC2A-4D79-8871-2F72AFE2E0A8}.Debug|Any CPU.ActiveCfg = Debug|Any CPU
		{EC5EC8E6-FC2A-4D79-8871-2F72AFE2E0A8}.Debug|Any CPU.Build.0 = Debug|Any CPU
		{EC5EC8E6-FC2A-4D79-8871-2F72AFE2E0A8}.Release|Any CPU.ActiveCfg = Release|Any CPU
		{EC5EC8E6-FC2A-4D79-8871-2F72AFE2E0A8}.Release|Any CPU.Build.0 = Release|Any CPU
	EndGlobalSection
	GlobalSection(SolutionProperties) = preSolution
		HideSolutionNode = FALSE
	EndGlobalSection
	GlobalSection(ExtensibilityGlobals) = postSolution
		SolutionGuid = {0B979C61-57A5-4049-AAAB-505A6904262F}
	EndGlobalSection
EndGlobal
